Microsoft Visual Studio Solution File, Format Version 11.00
# Visual Studio 2008

Project("{00348AFB-B43F-1E83-23DC-F6A84E6B9C53}") = "CutFruit", "Assembly-CSharp-vs.csproj", "{4454356D-05D7-58F3-C380-01D0AD531A8E}"
EndProject
Project("{00348AFB-B43F-1E83-23DC-F6A84E6B9C53}") = "CutFruit", "Assembly-CSharp-Editor-vs.csproj", "{082E776D-746F-6802-D125-524522D25778}"
EndProject
Global
	GlobalSection(SolutionConfigurationPlatforms) = preSolution
		Debug|Any CPU = Debug|Any CPU
		Release|Any CPU = Release|Any CPU
	EndGlobalSection
	GlobalSection(ProjectConfigurationPlatforms) = postSolution
		{4454356D-05D7-58F3-C380-01D0AD531A8E}.Debug|Any CPU.ActiveCfg = Debug|Any CPU
		{4454356D-05D7-58F3-C380-01D0AD531A8E}.Debug|Any CPU.Build.0 = Debug|Any CPU
		{4454356D-05D7-58F3-C380-01D0AD531A8E}.Release|Any CPU.ActiveCfg = Release|Any CPU
		{4454356D-05D7-58F3-C380-01D0AD531A8E}.Release|Any CPU.Build.0 = Release|Any CPU
		{082E776D-746F-6802-D125-524522D25778}.Debug|Any CPU.ActiveCfg = Debug|Any CPU
		{082E776D-746F-6802-D125-524522D25778}.Debug|Any CPU.Build.0 = Debug|Any CPU
		{082E776D-746F-6802-D125-524522D25778}.Release|Any CPU.ActiveCfg = Release|Any CPU
		{082E776D-746F-6802-D125-524522D25778}.Release|Any CPU.Build.0 = Release|Any CPU
	EndGlobalSection
	GlobalSection(SolutionProperties) = preSolution
		HideSolutionNode = FALSE
	EndGlobalSection
								GlobalSection(MonoDevelopProperties) = preSolution
		StartupItem = Assembly-CSharp.csproj
		Policies = $0
		$0.TextStylePolicy = $1
		$1.inheritsSet = null
		$1.scope = text/x-csharp
		$0.CSharpFormattingPolicy = $2
		$2.inheritsSet = Mono
		$2.inheritsScope = text/x-csharp
		$2.scope = text/x-csharp
		$0.TextStylePolicy = $3
		$3.FileWidth = 120
		$3.TabWidth = 4
		$3.IndentWidth = 4
		$3.EolMarker = Unix
		$3.inheritsSet = Mono
		$3.inheritsScope = text/plain
		$3.scope = text/plain
	EndGlobalSection

EndGlobal
