
Microsoft Visual Studio Solution File, Format Version 12.00
# Visual Studio 2015
Project("{FAE04EC0-301F-11D3-BF4B-00C04F79EFBC}") = "CutFruit", "CutFruit.csproj", "{90B86687-CA11-674C-260A-E3E3FF276F97}"
EndProject
Project("{FAE04EC0-301F-11D3-BF4B-00C04F79EFBC}") = "CutFruit.Editor", "CutFruit.Editor.csproj", "{9534A0ED-9DB7-01C7-53C3-1917ADFFDB95}"
EndProject
Global
	GlobalSection(SolutionConfigurationPlatforms) = preSolution
		Debug|Any CPU = Debug|Any CPU
		Release|Any CPU = Release|Any CPU
	EndGlobalSection
	GlobalSection(ProjectConfigurationPlatforms) = postSolution
		{90B86687-CA11-674C-260A-E3E3FF276F97}.Debug|Any CPU.ActiveCfg = Debug|Any CPU
		{90B86687-CA11-674C-260A-E3E3FF276F97}.Debug|Any CPU.Build.0 = Debug|Any CPU
		{90B86687-CA11-674C-260A-E3E3FF276F97}.Release|Any CPU.ActiveCfg = Release|Any CPU
		{90B86687-CA11-674C-260A-E3E3FF276F97}.Release|Any CPU.Build.0 = Release|Any CPU
		{9534A0ED-9DB7-01C7-53C3-1917ADFFDB95}.Debug|Any CPU.ActiveCfg = Debug|Any CPU
		{9534A0ED-9DB7-01C7-53C3-1917ADFFDB95}.Debug|Any CPU.Build.0 = Debug|Any CPU
		{9534A0ED-9DB7-01C7-53C3-1917ADFFDB95}.Release|Any CPU.ActiveCfg = Release|Any CPU
		{9534A0ED-9DB7-01C7-53C3-1917ADFFDB95}.Release|Any CPU.Build.0 = Release|Any CPU
	EndGlobalSection
	GlobalSection(SolutionProperties) = preSolution
		HideSolutionNode = FALSE
	EndGlobalSection
EndGlobal
