
Microsoft Visual Studio Solution File, Format Version 12.00
# Visual Studio 2012
Project("{FAE04EC0-301F-11D3-BF4B-00C04F79EFBC}") = "Mine", "Mine\Mine.csproj", "{43E8E3BC-1FAE-4F3A-85AD-A0A90D4976DB}"
EndProject
Global
	GlobalSection(SolutionConfigurationPlatforms) = preSolution
		Debug|Any CPU = Debug|Any CPU
		Release|Any CPU = Release|Any CPU
	EndGlobalSection
	GlobalSection(ProjectConfigurationPlatforms) = postSolution
		{43E8E3BC-1FAE-4F3A-85AD-A0A90D4976DB}.Debug|Any CPU.ActiveCfg = Debug|Any CPU
		{43E8E3BC-1FAE-4F3A-85AD-A0A90D4976DB}.Debug|Any CPU.Build.0 = Debug|Any CPU
		{43E8E3BC-1FAE-4F3A-85AD-A0A90D4976DB}.Release|Any CPU.ActiveCfg = Release|Any CPU
		{43E8E3BC-1FAE-4F3A-85AD-A0A90D4976DB}.Release|Any CPU.Build.0 = Release|Any CPU
	EndGlobalSection
	GlobalSection(SolutionProperties) = preSolution
		HideSolutionNode = FALSE
	EndGlobalSection
EndGlobal
